
Microsoft Visual Studio Solution File, Format Version 12.00
# Visual Studio Version 16
VisualStudioVersion = 16.0.31112.23
MinimumVisualStudioVersion = 10.0.40219.1
Project("{9A19103F-16F7-4668-BE54-9A1E7A4F7556}") = "BlazorServer2", "BlazorServer5.0\BlazorServer2.csproj", "{51133F2B-6C6D-49B1-A07D-636B37C1BF6F}"
EndProject
Global
	GlobalSection(SolutionConfigurationPlatforms) = preSolution
		Debug|Any CPU = Debug|Any CPU
		Release|Any CPU = Release|Any CPU
	EndGlobalSection
	GlobalSection(ProjectConfigurationPlatforms) = postSolution
		{51133F2B-6C6D-49B1-A07D-636B37C1BF6F}.Debug|Any CPU.ActiveCfg = Debug|Any CPU
		{51133F2B-6C6D-49B1-A07D-636B37C1BF6F}.Debug|Any CPU.Build.0 = Debug|Any CPU
		{51133F2B-6C6D-49B1-A07D-636B37C1BF6F}.Release|Any CPU.ActiveCfg = Release|Any CPU
		{51133F2B-6C6D-49B1-A07D-636B37C1BF6F}.Release|Any CPU.Build.0 = Release|Any CPU
	EndGlobalSection
	GlobalSection(SolutionProperties) = preSolution
		HideSolutionNode = FALSE
	EndGlobalSection
	GlobalSection(ExtensibilityGlobals) = postSolution
		SolutionGuid = {7E33F06F-3479-4D12-A78C-570BB9AE191E}
	EndGlobalSection
EndGlobal
