
Microsoft Visual Studio Solution File, Format Version 12.00
# Visual Studio Version 16
VisualStudioVersion = 16.0.31911.196
MinimumVisualStudioVersion = 10.0.40219.1
Project("{FAE04EC0-301F-11D3-BF4B-00C04F79EFBC}") = "WebApplication1", "WebApplication1\WebApplication1.csproj", "{BE96D8CE-590A-462A-B55C-7247142DEAF8}"
EndProject
Global
	GlobalSection(SolutionConfigurationPlatforms) = preSolution
		Debug|Any CPU = Debug|Any CPU
		Release|Any CPU = Release|Any CPU
	EndGlobalSection
	GlobalSection(ProjectConfigurationPlatforms) = postSolution
		{BE96D8CE-590A-462A-B55C-7247142DEAF8}.Debug|Any CPU.ActiveCfg = Debug|Any CPU
		{BE96D8CE-590A-462A-B55C-7247142DEAF8}.Debug|Any CPU.Build.0 = Debug|Any CPU
		{BE96D8CE-590A-462A-B55C-7247142DEAF8}.Release|Any CPU.ActiveCfg = Release|Any CPU
		{BE96D8CE-590A-462A-B55C-7247142DEAF8}.Release|Any CPU.Build.0 = Release|Any CPU
	EndGlobalSection
	GlobalSection(SolutionProperties) = preSolution
		HideSolutionNode = FALSE
	EndGlobalSection
	GlobalSection(ExtensibilityGlobals) = postSolution
		SolutionGuid = {21265F54-9B14-49ED-8B90-B3D2FE02EDEC}
	EndGlobalSection
EndGlobal
