
Microsoft Visual Studio Solution File, Format Version 12.00
# Visual Studio Version 16
VisualStudioVersion = 16.0.32002.261
MinimumVisualStudioVersion = 10.0.40219.1
Project("{FAE04EC0-301F-11D3-BF4B-00C04F79EFBC}") = "WebApplication1", "WebApplication1\WebApplication1.csproj", "{B0964718-CA5D-4C3D-B891-1F1F33833DAF}"
EndProject
Global
	GlobalSection(SolutionConfigurationPlatforms) = preSolution
		Debug|Any CPU = Debug|Any CPU
		Release|Any CPU = Release|Any CPU
	EndGlobalSection
	GlobalSection(ProjectConfigurationPlatforms) = postSolution
		{B0964718-CA5D-4C3D-B891-1F1F33833DAF}.Debug|Any CPU.ActiveCfg = Debug|Any CPU
		{B0964718-CA5D-4C3D-B891-1F1F33833DAF}.Debug|Any CPU.Build.0 = Debug|Any CPU
		{B0964718-CA5D-4C3D-B891-1F1F33833DAF}.Release|Any CPU.ActiveCfg = Release|Any CPU
		{B0964718-CA5D-4C3D-B891-1F1F33833DAF}.Release|Any CPU.Build.0 = Release|Any CPU
	EndGlobalSection
	GlobalSection(SolutionProperties) = preSolution
		HideSolutionNode = FALSE
	EndGlobalSection
	GlobalSection(ExtensibilityGlobals) = postSolution
		SolutionGuid = {4A84A13E-45B0-483E-9298-1FF965BEC6A8}
	EndGlobalSection
EndGlobal
