
Microsoft Visual Studio Solution File, Format Version 12.00
# Visual Studio Version 16
VisualStudioVersion = 16.0.31911.196
MinimumVisualStudioVersion = 10.0.40219.1
Project("{FAE04EC0-301F-11D3-BF4B-00C04F79EFBC}") = "WebApplication1", "WebApplication1\WebApplication1.csproj", "{C7711D86-1E27-443D-A14A-4FE0DA89353F}"
EndProject
Global
	GlobalSection(SolutionConfigurationPlatforms) = preSolution
		Debug|Any CPU = Debug|Any CPU
		Release|Any CPU = Release|Any CPU
	EndGlobalSection
	GlobalSection(ProjectConfigurationPlatforms) = postSolution
		{C7711D86-1E27-443D-A14A-4FE0DA89353F}.Debug|Any CPU.ActiveCfg = Debug|Any CPU
		{C7711D86-1E27-443D-A14A-4FE0DA89353F}.Debug|Any CPU.Build.0 = Debug|Any CPU
		{C7711D86-1E27-443D-A14A-4FE0DA89353F}.Release|Any CPU.ActiveCfg = Release|Any CPU
		{C7711D86-1E27-443D-A14A-4FE0DA89353F}.Release|Any CPU.Build.0 = Release|Any CPU
	EndGlobalSection
	GlobalSection(SolutionProperties) = preSolution
		HideSolutionNode = FALSE
	EndGlobalSection
	GlobalSection(ExtensibilityGlobals) = postSolution
		SolutionGuid = {CB7ECB7B-D24A-499A-B80F-2F8FE96AA011}
	EndGlobalSection
EndGlobal
