
Microsoft Visual Studio Solution File, Format Version 12.00
# Visual Studio Version 16
VisualStudioVersion = 16.0.32228.343
MinimumVisualStudioVersion = 10.0.40219.1
Project("{FAE04EC0-301F-11D3-BF4B-00C04F79EFBC}") = "WebApplication1", "WebApplication1\WebApplication1.csproj", "{E3866143-BB46-4B82-B8C6-3C35687A8BEC}"
EndProject
Global
	GlobalSection(SolutionConfigurationPlatforms) = preSolution
		Debug|Any CPU = Debug|Any CPU
		Release|Any CPU = Release|Any CPU
	EndGlobalSection
	GlobalSection(ProjectConfigurationPlatforms) = postSolution
		{E3866143-BB46-4B82-B8C6-3C35687A8BEC}.Debug|Any CPU.ActiveCfg = Debug|Any CPU
		{E3866143-BB46-4B82-B8C6-3C35687A8BEC}.Debug|Any CPU.Build.0 = Debug|Any CPU
		{E3866143-BB46-4B82-B8C6-3C35687A8BEC}.Release|Any CPU.ActiveCfg = Release|Any CPU
		{E3866143-BB46-4B82-B8C6-3C35687A8BEC}.Release|Any CPU.Build.0 = Release|Any CPU
	EndGlobalSection
	GlobalSection(SolutionProperties) = preSolution
		HideSolutionNode = FALSE
	EndGlobalSection
	GlobalSection(ExtensibilityGlobals) = postSolution
		SolutionGuid = {E6D55212-8E21-4D3B-8ECA-21E8831CFECB}
	EndGlobalSection
EndGlobal
