
Microsoft Visual Studio Solution File, Format Version 12.00
# Visual Studio Version 16
VisualStudioVersion = 16.0.32413.511
MinimumVisualStudioVersion = 10.0.40219.1
Project("{FAE04EC0-301F-11D3-BF4B-00C04F79EFBC}") = "WebApplication1", "WebApplication1\WebApplication1.csproj", "{D5FD5456-3FBB-4BA8-957E-109DF3BF8AEC}"
EndProject
Global
	GlobalSection(SolutionConfigurationPlatforms) = preSolution
		Debug|Any CPU = Debug|Any CPU
		Release|Any CPU = Release|Any CPU
	EndGlobalSection
	GlobalSection(ProjectConfigurationPlatforms) = postSolution
		{D5FD5456-3FBB-4BA8-957E-109DF3BF8AEC}.Debug|Any CPU.ActiveCfg = Debug|Any CPU
		{D5FD5456-3FBB-4BA8-957E-109DF3BF8AEC}.Debug|Any CPU.Build.0 = Debug|Any CPU
		{D5FD5456-3FBB-4BA8-957E-109DF3BF8AEC}.Release|Any CPU.ActiveCfg = Release|Any CPU
		{D5FD5456-3FBB-4BA8-957E-109DF3BF8AEC}.Release|Any CPU.Build.0 = Release|Any CPU
	EndGlobalSection
	GlobalSection(SolutionProperties) = preSolution
		HideSolutionNode = FALSE
	EndGlobalSection
	GlobalSection(ExtensibilityGlobals) = postSolution
		SolutionGuid = {D0369819-D211-44E4-8828-DB39E00A8E5E}
	EndGlobalSection
EndGlobal
