
Microsoft Visual Studio Solution File, Format Version 12.00
# Visual Studio Version 16
VisualStudioVersion = 16.0.31229.75
MinimumVisualStudioVersion = 10.0.40219.1
Project("{FAE04EC0-301F-11D3-BF4B-00C04F79EFBC}") = "WebApplication1", "WebApplication1\WebApplication1.csproj", "{BDDF1027-FAB9-414D-939B-22696A8D3C9B}"
EndProject
Global
	GlobalSection(SolutionConfigurationPlatforms) = preSolution
		Debug|Any CPU = Debug|Any CPU
		Release|Any CPU = Release|Any CPU
	EndGlobalSection
	GlobalSection(ProjectConfigurationPlatforms) = postSolution
		{BDDF1027-FAB9-414D-939B-22696A8D3C9B}.Debug|Any CPU.ActiveCfg = Debug|Any CPU
		{BDDF1027-FAB9-414D-939B-22696A8D3C9B}.Debug|Any CPU.Build.0 = Debug|Any CPU
		{BDDF1027-FAB9-414D-939B-22696A8D3C9B}.Release|Any CPU.ActiveCfg = Release|Any CPU
		{BDDF1027-FAB9-414D-939B-22696A8D3C9B}.Release|Any CPU.Build.0 = Release|Any CPU
	EndGlobalSection
	GlobalSection(SolutionProperties) = preSolution
		HideSolutionNode = FALSE
	EndGlobalSection
	GlobalSection(ExtensibilityGlobals) = postSolution
		SolutionGuid = {2A0905DC-9AC5-4374-AE30-52E76F533B6D}
	EndGlobalSection
EndGlobal
